// !$*UTF8*$!
{
	archiveVersion = 1;
	classes = {
	};
	objectVersion = 56;
	objects = {

/* Begin PBXBuildFile section */
		23AF1E4428FE077900F3DCEB /* Lora-Regular.ttf in Resources */ = {isa = PBXBuildFile; fileRef = 23AF1E3A28FE077800F3DCEB /* Lora-Regular.ttf */; };
		23AF1E4528FE077900F3DCEB /* Lora-SemiBold.ttf in Resources */ = {isa = PBXBuildFile; fileRef = 23AF1E3B28FE077800F3DCEB /* Lora-SemiBold.ttf */; };
		23AF1E4628FE077900F3DCEB /* Lora-Medium.ttf in Resources */ = {isa = PBXBuildFile; fileRef = 23AF1E3C28FE077800F3DCEB /* Lora-Medium.ttf */; };
		23AF1E4728FE077900F3DCEB /* Lora-Bold.ttf in Resources */ = {isa = PBXBuildFile; fileRef = 23AF1E3D28FE077800F3DCEB /* Lora-Bold.ttf */; };
		23AF1E4828FE077900F3DCEB /* Lora-Italic.ttf in Resources */ = {isa = PBXBuildFile; fileRef = 23AF1E3E28FE077800F3DCEB /* Lora-Italic.ttf */; };
		23AF1E4928FE077900F3DCEB /* Lora-SemiBoldItalic.ttf in Resources */ = {isa = PBXBuildFile; fileRef = 23AF1E3F28FE077800F3DCEB /* Lora-SemiBoldItalic.ttf */; };
		23AF1E4A28FE077900F3DCEB /* Lora-VariableFont_wght.ttf in Resources */ = {isa = PBXBuildFile; fileRef = 23AF1E4028FE077800F3DCEB /* Lora-VariableFont_wght.ttf */; };
		23AF1E4B28FE077900F3DCEB /* Lora-Italic-VariableFont_wght.ttf in Resources */ = {isa = PBXBuildFile; fileRef = 23AF1E4128FE077800F3DCEB /* Lora-Italic-VariableFont_wght.ttf */; };
		23AF1E4C28FE077900F3DCEB /* Lora-MediumItalic.ttf in Resources */ = {isa = PBXBuildFile; fileRef = 23AF1E4228FE077800F3DCEB /* Lora-MediumItalic.ttf */; };
		23AF1E4D28FE077900F3DCEB /* Lora-BoldItalic.ttf in Resources */ = {isa = PBXBuildFile; fileRef = 23AF1E4328FE077800F3DCEB /* Lora-BoldItalic.ttf */; };
		23CCBB6B28F9FF6E004AA969 /* IBMCaseCompApp.swift in Sources */ = {isa = PBXBuildFile; fileRef = 23CCBB6A28F9FF6E004AA969 /* IBMCaseCompApp.swift */; };
		23CCBB6D28F9FF6E004AA969 /* ContentView.swift in Sources */ = {isa = PBXBuildFile; fileRef = 23CCBB6C28F9FF6E004AA969 /* ContentView.swift */; };
		23CCBB6F28F9FF71004AA969 /* Assets.xcassets in Resources */ = {isa = PBXBuildFile; fileRef = 23CCBB6E28F9FF71004AA969 /* Assets.xcassets */; };
		23CCBB7228F9FF71004AA969 /* Preview Assets.xcassets in Resources */ = {isa = PBXBuildFile; fileRef = 23CCBB7128F9FF71004AA969 /* Preview Assets.xcassets */; };
		23CCBB7C28F9FF72004AA969 /* IBMCaseCompTests.swift in Sources */ = {isa = PBXBuildFile; fileRef = 23CCBB7B28F9FF72004AA969 /* IBMCaseCompTests.swift */; };
		23CCBB8628F9FF72004AA969 /* IBMCaseCompUITests.swift in Sources */ = {isa = PBXBuildFile; fileRef = 23CCBB8528F9FF72004AA969 /* IBMCaseCompUITests.swift */; };
		23CCBB8828F9FF72004AA969 /* IBMCaseCompUITestsLaunchTests.swift in Sources */ = {isa = PBXBuildFile; fileRef = 23CCBB8728F9FF72004AA969 /* IBMCaseCompUITestsLaunchTests.swift */; };
		23CCBB9628FC3DB9004AA969 /* Lottie in Frameworks */ = {isa = PBXBuildFile; productRef = 23CCBB9528FC3DB9004AA969 /* Lottie */; };
		23CCBB9828FC3E11004AA969 /* LottieView.swift in Sources */ = {isa = PBXBuildFile; fileRef = 23CCBB9728FC3E11004AA969 /* LottieView.swift */; };
		23CCBB9A28FC4013004AA969 /* new_page.json in Resources */ = {isa = PBXBuildFile; fileRef = 23CCBB9928FC4013004AA969 /* new_page.json */; };
		23CCBB9E28FC45D8004AA969 /* full.json in Resources */ = {isa = PBXBuildFile; fileRef = 23CCBB9D28FC45D8004AA969 /* full.json */; };
		23CCBBA328FCE675004AA969 /* Fonts in Resources */ = {isa = PBXBuildFile; fileRef = 23CCBBA228FCE675004AA969 /* Fonts */; };
		23CCBBA528FCEE21004AA969 /* loading.json in Resources */ = {isa = PBXBuildFile; fileRef = 23CCBBA428FCEE21004AA969 /* loading.json */; };
		23CCBBA728FCF615004AA969 /* SiteView.swift in Sources */ = {isa = PBXBuildFile; fileRef = 23CCBBA628FCF614004AA969 /* SiteView.swift */; };
/* End PBXBuildFile section */

/* Begin PBXContainerItemProxy section */
		23CCBB7828F9FF72004AA969 /* PBXContainerItemProxy */ = {
			isa = PBXContainerItemProxy;
			containerPortal = 23CCBB5F28F9FF6E004AA969 /* Project object */;
			proxyType = 1;
			remoteGlobalIDString = 23CCBB6628F9FF6E004AA969;
			remoteInfo = IBMCaseComp;
		};
		23CCBB8228F9FF72004AA969 /* PBXContainerItemProxy */ = {
			isa = PBXContainerItemProxy;
			containerPortal = 23CCBB5F28F9FF6E004AA969 /* Project object */;
			proxyType = 1;
			remoteGlobalIDString = 23CCBB6628F9FF6E004AA969;
			remoteInfo = IBMCaseComp;
		};
/* End PBXContainerItemProxy section */

/* Begin PBXFileReference section */
		23AF1E3A28FE077800F3DCEB /* Lora-Regular.ttf */ = {isa = PBXFileReference; lastKnownFileType = file; path = "Lora-Regular.ttf"; sourceTree = "<group>"; };
		23AF1E3B28FE077800F3DCEB /* Lora-SemiBold.ttf */ = {isa = PBXFileReference; lastKnownFileType = file; path = "Lora-SemiBold.ttf"; sourceTree = "<group>"; };
		23AF1E3C28FE077800F3DCEB /* Lora-Medium.ttf */ = {isa = PBXFileReference; lastKnownFileType = file; path = "Lora-Medium.ttf"; sourceTree = "<group>"; };
		23AF1E3D28FE077800F3DCEB /* Lora-Bold.ttf */ = {isa = PBXFileReference; lastKnownFileType = file; path = "Lora-Bold.ttf"; sourceTree = "<group>"; };
		23AF1E3E28FE077800F3DCEB /* Lora-Italic.ttf */ = {isa = PBXFileReference; lastKnownFileType = file; path = "Lora-Italic.ttf"; sourceTree = "<group>"; };
		23AF1E3F28FE077800F3DCEB /* Lora-SemiBoldItalic.ttf */ = {isa = PBXFileReference; lastKnownFileType = file; path = "Lora-SemiBoldItalic.ttf"; sourceTree = "<group>"; };
		23AF1E4028FE077800F3DCEB /* Lora-VariableFont_wght.ttf */ = {isa = PBXFileReference; lastKnownFileType = file; path = "Lora-VariableFont_wght.ttf"; sourceTree = "<group>"; };
		23AF1E4128FE077800F3DCEB /* Lora-Italic-VariableFont_wght.ttf */ = {isa = PBXFileReference; lastKnownFileType = file; path = "Lora-Italic-VariableFont_wght.ttf"; sourceTree = "<group>"; };
		23AF1E4228FE077800F3DCEB /* Lora-MediumItalic.ttf */ = {isa = PBXFileReference; lastKnownFileType = file; path = "Lora-MediumItalic.ttf"; sourceTree = "<group>"; };
		23AF1E4328FE077800F3DCEB /* Lora-BoldItalic.ttf */ = {isa = PBXFileReference; lastKnownFileType = file; path = "Lora-BoldItalic.ttf"; sourceTree = "<group>"; };
		23CCBB6728F9FF6E004AA969 /* IBMCaseComp.app */ = {isa = PBXFileReference; explicitFileType = wrapper.application; includeInIndex = 0; path = IBMCaseComp.app; sourceTree = BUILT_PRODUCTS_DIR; };
		23CCBB6A28F9FF6E004AA969 /* IBMCaseCompApp.swift */ = {isa = PBXFileReference; lastKnownFileType = sourcecode.swift; path = IBMCaseCompApp.swift; sourceTree = "<group>"; };
		23CCBB6C28F9FF6E004AA969 /* ContentView.swift */ = {isa = PBXFileReference; lastKnownFileType = sourcecode.swift; path = ContentView.swift; sourceTree = "<group>"; };
		23CCBB6E28F9FF71004AA969 /* Assets.xcassets */ = {isa = PBXFileReference; lastKnownFileType = folder.assetcatalog; path = Assets.xcassets; sourceTree = "<group>"; };
		23CCBB7128F9FF71004AA969 /* Preview Assets.xcassets */ = {isa = PBXFileReference; lastKnownFileType = folder.assetcatalog; path = "Preview Assets.xcassets"; sourceTree = "<group>"; };
		23CCBB7728F9FF72004AA969 /* IBMCaseCompTests.xctest */ = {isa = PBXFileReference; explicitFileType = wrapper.cfbundle; includeInIndex = 0; path = IBMCaseCompTests.xctest; sourceTree = BUILT_PRODUCTS_DIR; };
		23CCBB7B28F9FF72004AA969 /* IBMCaseCompTests.swift */ = {isa = PBXFileReference; lastKnownFileType = sourcecode.swift; path = IBMCaseCompTests.swift; sourceTree = "<group>"; };
		23CCBB8128F9FF72004AA969 /* IBMCaseCompUITests.xctest */ = {isa = PBXFileReference; explicitFileType = wrapper.cfbundle; includeInIndex = 0; path = IBMCaseCompUITests.xctest; sourceTree = BUILT_PRODUCTS_DIR; };
		23CCBB8528F9FF72004AA969 /* IBMCaseCompUITests.swift */ = {isa = PBXFileReference; lastKnownFileType = sourcecode.swift; path = IBMCaseCompUITests.swift; sourceTree = "<group>"; };
		23CCBB8728F9FF72004AA969 /* IBMCaseCompUITestsLaunchTests.swift */ = {isa = PBXFileReference; lastKnownFileType = sourcecode.swift; path = IBMCaseCompUITestsLaunchTests.swift; sourceTree = "<group>"; };
		23CCBB9728FC3E11004AA969 /* LottieView.swift */ = {isa = PBXFileReference; lastKnownFileType = sourcecode.swift; path = LottieView.swift; sourceTree = "<group>"; };
		23CCBB9928FC4013004AA969 /* new_page.json */ = {isa = PBXFileReference; fileEncoding = 4; lastKnownFileType = text.json; path = new_page.json; sourceTree = "<group>"; };
		23CCBB9D28FC45D8004AA969 /* full.json */ = {isa = PBXFileReference; fileEncoding = 4; lastKnownFileType = text.json; path = full.json; sourceTree = "<group>"; };
		23CCBB9F28FCE214004AA969 /* Info.plist */ = {isa = PBXFileReference; lastKnownFileType = text.plist; path = Info.plist; sourceTree = "<group>"; };
		23CCBBA228FCE675004AA969 /* Fonts */ = {isa = PBXFileReference; lastKnownFileType = folder; name = Fonts; path = IBMCaseComp/Fonts; sourceTree = SOURCE_ROOT; };
		23CCBBA428FCEE21004AA969 /* loading.json */ = {isa = PBXFileReference; fileEncoding = 4; lastKnownFileType = text.json; path = loading.json; sourceTree = "<group>"; };
		23CCBBA628FCF614004AA969 /* SiteView.swift */ = {isa = PBXFileReference; lastKnownFileType = sourcecode.swift; path = SiteView.swift; sourceTree = "<group>"; };
/* End PBXFileReference section */

/* Begin PBXFrameworksBuildPhase section */
		23CCBB6428F9FF6E004AA969 /* Frameworks */ = {
			isa = PBXFrameworksBuildPhase;
			buildActionMask = 2147483647;
			files = (
				23CCBB9628FC3DB9004AA969 /* Lottie in Frameworks */,
			);
			runOnlyForDeploymentPostprocessing = 0;
		};
		23CCBB7428F9FF72004AA969 /* Frameworks */ = {
			isa = PBXFrameworksBuildPhase;
			buildActionMask = 2147483647;
			files = (
			);
			runOnlyForDeploymentPostprocessing = 0;
		};
		23CCBB7E28F9FF72004AA969 /* Frameworks */ = {
			isa = PBXFrameworksBuildPhase;
			buildActionMask = 2147483647;
			files = (
			);
			runOnlyForDeploymentPostprocessing = 0;
		};
/* End PBXFrameworksBuildPhase section */

/* Begin PBXGroup section */
		23CCBB5E28F9FF6E004AA969 = {
			isa = PBXGroup;
			children = (
				23AF1E3D28FE077800F3DCEB /* Lora-Bold.ttf */,
				23AF1E4328FE077800F3DCEB /* Lora-BoldItalic.ttf */,
				23AF1E4128FE077800F3DCEB /* Lora-Italic-VariableFont_wght.ttf */,
				23AF1E3E28FE077800F3DCEB /* Lora-Italic.ttf */,
				23AF1E3C28FE077800F3DCEB /* Lora-Medium.ttf */,
				23AF1E4228FE077800F3DCEB /* Lora-MediumItalic.ttf */,
				23AF1E3A28FE077800F3DCEB /* Lora-Regular.ttf */,
				23AF1E3B28FE077800F3DCEB /* Lora-SemiBold.ttf */,
				23AF1E3F28FE077800F3DCEB /* Lora-SemiBoldItalic.ttf */,
				23AF1E4028FE077800F3DCEB /* Lora-VariableFont_wght.ttf */,
				23CCBB6928F9FF6E004AA969 /* IBMCaseComp */,
				23CCBB7A28F9FF72004AA969 /* IBMCaseCompTests */,
				23CCBB8428F9FF72004AA969 /* IBMCaseCompUITests */,
				23CCBB6828F9FF6E004AA969 /* Products */,
			);
			sourceTree = "<group>";
		};
		23CCBB6828F9FF6E004AA969 /* Products */ = {
			isa = PBXGroup;
			children = (
				23CCBB6728F9FF6E004AA969 /* IBMCaseComp.app */,
				23CCBB7728F9FF72004AA969 /* IBMCaseCompTests.xctest */,
				23CCBB8128F9FF72004AA969 /* IBMCaseCompUITests.xctest */,
			);
			name = Products;
			sourceTree = "<group>";
		};
		23CCBB6928F9FF6E004AA969 /* IBMCaseComp */ = {
			isa = PBXGroup;
			children = (
				23CCBB9F28FCE214004AA969 /* Info.plist */,
				23CCBB6A28F9FF6E004AA969 /* IBMCaseCompApp.swift */,
				23CCBBA428FCEE21004AA969 /* loading.json */,
				23CCBB9928FC4013004AA969 /* new_page.json */,
				23CCBBA628FCF614004AA969 /* SiteView.swift */,
				23CCBB6C28F9FF6E004AA969 /* ContentView.swift */,
				23CCBB9728FC3E11004AA969 /* LottieView.swift */,
				23CCBBA228FCE675004AA969 /* Fonts */,
				23CCBB9D28FC45D8004AA969 /* full.json */,
				23CCBB6E28F9FF71004AA969 /* Assets.xcassets */,
				23CCBB7028F9FF71004AA969 /* Preview Content */,
			);
			path = IBMCaseComp;
			sourceTree = "<group>";
		};
		23CCBB7028F9FF71004AA969 /* Preview Content */ = {
			isa = PBXGroup;
			children = (
				23CCBB7128F9FF71004AA969 /* Preview Assets.xcassets */,
			);
			path = "Preview Content";
			sourceTree = "<group>";
		};
		23CCBB7A28F9FF72004AA969 /* IBMCaseCompTests */ = {
			isa = PBXGroup;
			children = (
				23CCBB7B28F9FF72004AA969 /* IBMCaseCompTests.swift */,
			);
			path = IBMCaseCompTests;
			sourceTree = "<group>";
		};
		23CCBB8428F9FF72004AA969 /* IBMCaseCompUITests */ = {
			isa = PBXGroup;
			children = (
				23CCBB8528F9FF72004AA969 /* IBMCaseCompUITests.swift */,
				23CCBB8728F9FF72004AA969 /* IBMCaseCompUITestsLaunchTests.swift */,
			);
			path = IBMCaseCompUITests;
			sourceTree = "<group>";
		};
/* End PBXGroup section */

/* Begin PBXNativeTarget section */
		23CCBB6628F9FF6E004AA969 /* IBMCaseComp */ = {
			isa = PBXNativeTarget;
			buildConfigurationList = 23CCBB8B28F9FF72004AA969 /* Build configuration list for PBXNativeTarget "IBMCaseComp" */;
			buildPhases = (
				23CCBB6328F9FF6E004AA969 /* Sources */,
				23CCBB6428F9FF6E004AA969 /* Frameworks */,
				23CCBB6528F9FF6E004AA969 /* Resources */,
			);
			buildRules = (
			);
			dependencies = (
			);
			name = IBMCaseComp;
			packageProductDependencies = (
				23CCBB9528FC3DB9004AA969 /* Lottie */,
			);
			productName = IBMCaseComp;
			productReference = 23CCBB6728F9FF6E004AA969 /* IBMCaseComp.app */;
			productType = "com.apple.product-type.application";
		};
		23CCBB7628F9FF72004AA969 /* IBMCaseCompTests */ = {
			isa = PBXNativeTarget;
			buildConfigurationList = 23CCBB8E28F9FF72004AA969 /* Build configuration list for PBXNativeTarget "IBMCaseCompTests" */;
			buildPhases = (
				23CCBB7328F9FF72004AA969 /* Sources */,
				23CCBB7428F9FF72004AA969 /* Frameworks */,
				23CCBB7528F9FF72004AA969 /* Resources */,
			);
			buildRules = (
			);
			dependencies = (
				23CCBB7928F9FF72004AA969 /* PBXTargetDependency */,
			);
			name = IBMCaseCompTests;
			productName = IBMCaseCompTests;
			productReference = 23CCBB7728F9FF72004AA969 /* IBMCaseCompTests.xctest */;
			productType = "com.apple.product-type.bundle.unit-test";
		};
		23CCBB8028F9FF72004AA969 /* IBMCaseCompUITests */ = {
			isa = PBXNativeTarget;
			buildConfigurationList = 23CCBB9128F9FF72004AA969 /* Build configuration list for PBXNativeTarget "IBMCaseCompUITests" */;
			buildPhases = (
				23CCBB7D28F9FF72004AA969 /* Sources */,
				23CCBB7E28F9FF72004AA969 /* Frameworks */,
				23CCBB7F28F9FF72004AA969 /* Resources */,
			);
			buildRules = (
			);
			dependencies = (
				23CCBB8328F9FF72004AA969 /* PBXTargetDependency */,
			);
			name = IBMCaseCompUITests;
			productName = IBMCaseCompUITests;
			productReference = 23CCBB8128F9FF72004AA969 /* IBMCaseCompUITests.xctest */;
			productType = "com.apple.product-type.bundle.ui-testing";
		};
/* End PBXNativeTarget section */

/* Begin PBXProject section */
		23CCBB5F28F9FF6E004AA969 /* Project object */ = {
			isa = PBXProject;
			attributes = {
				BuildIndependentTargetsInParallel = 1;
				LastSwiftUpdateCheck = 1400;
				LastUpgradeCheck = 1400;
				TargetAttributes = {
					23CCBB6628F9FF6E004AA969 = {
						CreatedOnToolsVersion = 14.0.1;
					};
					23CCBB7628F9FF72004AA969 = {
						CreatedOnToolsVersion = 14.0.1;
						TestTargetID = 23CCBB6628F9FF6E004AA969;
					};
					23CCBB8028F9FF72004AA969 = {
						CreatedOnToolsVersion = 14.0.1;
						TestTargetID = 23CCBB6628F9FF6E004AA969;
					};
				};
			};
			buildConfigurationList = 23CCBB6228F9FF6E004AA969 /* Build configuration list for PBXProject "IBMCaseComp" */;
			compatibilityVersion = "Xcode 14.0";
			developmentRegion = en;
			hasScannedForEncodings = 0;
			knownRegions = (
				en,
				Base,
			);
			mainGroup = 23CCBB5E28F9FF6E004AA969;
			packageReferences = (
				23CCBB9428FC3DB9004AA969 /* XCRemoteSwiftPackageReference "lottie-ios" */,
			);
			productRefGroup = 23CCBB6828F9FF6E004AA969 /* Products */;
			projectDirPath = "";
			projectRoot = "";
			targets = (
				23CCBB6628F9FF6E004AA969 /* IBMCaseComp */,
				23CCBB7628F9FF72004AA969 /* IBMCaseCompTests */,
				23CCBB8028F9FF72004AA969 /* IBMCaseCompUITests */,
			);
		};
/* End PBXProject section */

/* Begin PBXResourcesBuildPhase section */
		23CCBB6528F9FF6E004AA969 /* Resources */ = {
			isa = PBXResourcesBuildPhase;
			buildActionMask = 2147483647;
			files = (
				23CCBBA328FCE675004AA969 /* Fonts in Resources */,
				23CCBB7228F9FF71004AA969 /* Preview Assets.xcassets in Resources */,
				23CCBB9E28FC45D8004AA969 /* full.json in Resources */,
				23AF1E4428FE077900F3DCEB /* Lora-Regular.ttf in Resources */,
				23AF1E4528FE077900F3DCEB /* Lora-SemiBold.ttf in Resources */,
				23AF1E4628FE077900F3DCEB /* Lora-Medium.ttf in Resources */,
				23AF1E4728FE077900F3DCEB /* Lora-Bold.ttf in Resources */,
				23AF1E4828FE077900F3DCEB /* Lora-Italic.ttf in Resources */,
				23AF1E4928FE077900F3DCEB /* Lora-SemiBoldItalic.ttf in Resources */,
				23AF1E4A28FE077900F3DCEB /* Lora-VariableFont_wght.ttf in Resources */,
				23AF1E4B28FE077900F3DCEB /* Lora-Italic-VariableFont_wght.ttf in Resources */,
				23AF1E4C28FE077900F3DCEB /* Lora-MediumItalic.ttf in Resources */,
				23AF1E4D28FE077900F3DCEB /* Lora-BoldItalic.ttf in Resources */,
				23CCBB9A28FC4013004AA969 /* new_page.json in Resources */,
				23CCBBA528FCEE21004AA969 /* loading.json in Resources */,
				23CCBB6F28F9FF71004AA969 /* Assets.xcassets in Resources */,
			);
			runOnlyForDeploymentPostprocessing = 0;
		};
		23CCBB7528F9FF72004AA969 /* Resources */ = {
			isa = PBXResourcesBuildPhase;
			buildActionMask = 2147483647;
			files = (
			);
			runOnlyForDeploymentPostprocessing = 0;
		};
		23CCBB7F28F9FF72004AA969 /* Resources */ = {
			isa = PBXResourcesBuildPhase;
			buildActionMask = 2147483647;
			files = (
			);
			runOnlyForDeploymentPostprocessing = 0;
		};
/* End PBXResourcesBuildPhase section */

/* Begin PBXSourcesBuildPhase section */
		23CCBB6328F9FF6E004AA969 /* Sources */ = {
			isa = PBXSourcesBuildPhase;
			buildActionMask = 2147483647;
			files = (
				23CCBB6D28F9FF6E004AA969 /* ContentView.swift in Sources */,
				23CCBBA728FCF615004AA969 /* SiteView.swift in Sources */,
				23CCBB6B28F9FF6E004AA969 /* IBMCaseCompApp.swift in Sources */,
				23CCBB9828FC3E11004AA969 /* LottieView.swift in Sources */,
			);
			runOnlyForDeploymentPostprocessing = 0;
		};
		23CCBB7328F9FF72004AA969 /* Sources */ = {
			isa = PBXSourcesBuildPhase;
			buildActionMask = 2147483647;
			files = (
				23CCBB7C28F9FF72004AA969 /* IBMCaseCompTests.swift in Sources */,
			);
			runOnlyForDeploymentPostprocessing = 0;
		};
		23CCBB7D28F9FF72004AA969 /* Sources */ = {
			isa = PBXSourcesBuildPhase;
			buildActionMask = 2147483647;
			files = (
				23CCBB8828F9FF72004AA969 /* IBMCaseCompUITestsLaunchTests.swift in Sources */,
				23CCBB8628F9FF72004AA969 /* IBMCaseCompUITests.swift in Sources */,
			);
			runOnlyForDeploymentPostprocessing = 0;
		};
/* End PBXSourcesBuildPhase section */

/* Begin PBXTargetDependency section */
		23CCBB7928F9FF72004AA969 /* PBXTargetDependency */ = {
			isa = PBXTargetDependency;
			target = 23CCBB6628F9FF6E004AA969 /* IBMCaseComp */;
			targetProxy = 23CCBB7828F9FF72004AA969 /* PBXContainerItemProxy */;
		};
		23CCBB8328F9FF72004AA969 /* PBXTargetDependency */ = {
			isa = PBXTargetDependency;
			target = 23CCBB6628F9FF6E004AA969 /* IBMCaseComp */;
			targetProxy = 23CCBB8228F9FF72004AA969 /* PBXContainerItemProxy */;
		};
/* End PBXTargetDependency section */

/* Begin XCBuildConfiguration section */
		23CCBB8928F9FF72004AA969 /* Debug */ = {
			isa = XCBuildConfiguration;
			buildSettings = {
				ALWAYS_SEARCH_USER_PATHS = NO;
				CLANG_ANALYZER_NONNULL = YES;
				CLANG_ANALYZER_NUMBER_OBJECT_CONVERSION = YES_AGGRESSIVE;
				CLANG_CXX_LANGUAGE_STANDARD = "gnu++20";
				CLANG_ENABLE_MODULES = YES;
				CLANG_ENABLE_OBJC_ARC = YES;
				CLANG_ENABLE_OBJC_WEAK = YES;
				CLANG_WARN_BLOCK_CAPTURE_AUTORELEASING = YES;
				CLANG_WARN_BOOL_CONVERSION = YES;
				CLANG_WARN_COMMA = YES;
				CLANG_WARN_CONSTANT_CONVERSION = YES;
				CLANG_WARN_DEPRECATED_OBJC_IMPLEMENTATIONS = YES;
				CLANG_WARN_DIRECT_OBJC_ISA_USAGE = YES_ERROR;
				CLANG_WARN_DOCUMENTATION_COMMENTS = YES;
				CLANG_WARN_EMPTY_BODY = YES;
				CLANG_WARN_ENUM_CONVERSION = YES;
				CLANG_WARN_INFINITE_RECURSION = YES;
				CLANG_WARN_INT_CONVERSION = YES;
				CLANG_WARN_NON_LITERAL_NULL_CONVERSION = YES;
				CLANG_WARN_OBJC_IMPLICIT_RETAIN_SELF = YES;
				CLANG_WARN_OBJC_LITERAL_CONVERSION = YES;
				CLANG_WARN_OBJC_ROOT_CLASS = YES_ERROR;
				CLANG_WARN_QUOTED_INCLUDE_IN_FRAMEWORK_HEADER = YES;
				CLANG_WARN_RANGE_LOOP_ANALYSIS = YES;
				CLANG_WARN_STRICT_PROTOTYPES = YES;
				CLANG_WARN_SUSPICIOUS_MOVE = YES;
				CLANG_WARN_UNGUARDED_AVAILABILITY = YES_AGGRESSIVE;
				CLANG_WARN_UNREACHABLE_CODE = YES;
				CLANG_WARN__DUPLICATE_METHOD_MATCH = YES;
				COPY_PHASE_STRIP = NO;
				DEBUG_INFORMATION_FORMAT = dwarf;
				ENABLE_STRICT_OBJC_MSGSEND = YES;
				ENABLE_TESTABILITY = YES;
				GCC_C_LANGUAGE_STANDARD = gnu11;
				GCC_DYNAMIC_NO_PIC = NO;
				GCC_NO_COMMON_BLOCKS = YES;
				GCC_OPTIMIZATION_LEVEL = 0;
				GCC_PREPROCESSOR_DEFINITIONS = (
					"DEBUG=1",
					"$(inherited)",
				);
				GCC_WARN_64_TO_32_BIT_CONVERSION = YES;
				GCC_WARN_ABOUT_RETURN_TYPE = YES_ERROR;
				GCC_WARN_UNDECLARED_SELECTOR = YES;
				GCC_WARN_UNINITIALIZED_AUTOS = YES_AGGRESSIVE;
				GCC_WARN_UNUSED_FUNCTION = YES;
				GCC_WARN_UNUSED_VARIABLE = YES;
				IPHONEOS_DEPLOYMENT_TARGET = 16.0;
				MTL_ENABLE_DEBUG_INFO = INCLUDE_SOURCE;
				MTL_FAST_MATH = YES;
				ONLY_ACTIVE_ARCH = YES;
				SDKROOT = iphoneos;
				SWIFT_ACTIVE_COMPILATION_CONDITIONS = DEBUG;
				SWIFT_OPTIMIZATION_LEVEL = "-Onone";
			};
			name = Debug;
		};
		23CCBB8A28F9FF72004AA969 /* Release */ = {
			isa = XCBuildConfiguration;
			buildSettings = {
				ALWAYS_SEARCH_USER_PATHS = NO;
				CLANG_ANALYZER_NONNULL = YES;
				CLANG_ANALYZER_NUMBER_OBJECT_CONVERSION = YES_AGGRESSIVE;
				CLANG_CXX_LANGUAGE_STANDARD = "gnu++20";
				CLANG_ENABLE_MODULES = YES;
				CLANG_ENABLE_OBJC_ARC = YES;
				CLANG_ENABLE_OBJC_WEAK = YES;
				CLANG_WARN_BLOCK_CAPTURE_AUTORELEASING = YES;
				CLANG_WARN_BOOL_CONVERSION = YES;
				CLANG_WARN_COMMA = YES;
				CLANG_WARN_CONSTANT_CONVERSION = YES;
				CLANG_WARN_DEPRECATED_OBJC_IMPLEMENTATIONS = YES;
				CLANG_WARN_DIRECT_OBJC_ISA_USAGE = YES_ERROR;
				CLANG_WARN_DOCUMENTATION_COMMENTS = YES;
				CLANG_WARN_EMPTY_BODY = YES;
				CLANG_WARN_ENUM_CONVERSION = YES;
				CLANG_WARN_INFINITE_RECURSION = YES;
				CLANG_WARN_INT_CONVERSION = YES;
				CLANG_WARN_NON_LITERAL_NULL_CONVERSION = YES;
				CLANG_WARN_OBJC_IMPLICIT_RETAIN_SELF = YES;
				CLANG_WARN_OBJC_LITERAL_CONVERSION = YES;
				CLANG_WARN_OBJC_ROOT_CLASS = YES_ERROR;
				CLANG_WARN_QUOTED_INCLUDE_IN_FRAMEWORK_HEADER = YES;
				CLANG_WARN_RANGE_LOOP_ANALYSIS = YES;
				CLANG_WARN_STRICT_PROTOTYPES = YES;
				CLANG_WARN_SUSPICIOUS_MOVE = YES;
				CLANG_WARN_UNGUARDED_AVAILABILITY = YES_AGGRESSIVE;
				CLANG_WARN_UNREACHABLE_CODE = YES;
				CLANG_WARN__DUPLICATE_METHOD_MATCH = YES;
				COPY_PHASE_STRIP = NO;
				DEBUG_INFORMATION_FORMAT = "dwarf-with-dsym";
				ENABLE_NS_ASSERTIONS = NO;
				ENABLE_STRICT_OBJC_MSGSEND = YES;
				GCC_C_LANGUAGE_STANDARD = gnu11;
				GCC_NO_COMMON_BLOCKS = YES;
				GCC_WARN_64_TO_32_BIT_CONVERSION = YES;
				GCC_WARN_ABOUT_RETURN_TYPE = YES_ERROR;
				GCC_WARN_UNDECLARED_SELECTOR = YES;
				GCC_WARN_UNINITIALIZED_AUTOS = YES_AGGRESSIVE;
				GCC_WARN_UNUSED_FUNCTION = YES;
				GCC_WARN_UNUSED_VARIABLE = YES;
				IPHONEOS_DEPLOYMENT_TARGET = 16.0;
				MTL_ENABLE_DEBUG_INFO = NO;
				MTL_FAST_MATH = YES;
				SDKROOT = iphoneos;
				SWIFT_COMPILATION_MODE = wholemodule;
				SWIFT_OPTIMIZATION_LEVEL = "-O";
				VALIDATE_PRODUCT = YES;
			};
			name = Release;
		};
		23CCBB8C28F9FF72004AA969 /* Debug */ = {
			isa = XCBuildConfiguration;
			buildSettings = {
				ASSETCATALOG_COMPILER_APPICON_NAME = AppIcon;
				ASSETCATALOG_COMPILER_GLOBAL_ACCENT_COLOR_NAME = AccentColor;
				CODE_SIGN_STYLE = Automatic;
				CURRENT_PROJECT_VERSION = 1;
				DEAD_CODE_STRIPPING = NO;
				DEVELOPMENT_ASSET_PATHS = "\"IBMCaseComp/Preview Content\"";
				ENABLE_PREVIEWS = YES;
				GENERATE_INFOPLIST_FILE = YES;
				INFOPLIST_FILE = IBMCaseComp/Info.plist;
				INFOPLIST_KEY_UIApplicationSceneManifest_Generation = YES;
				INFOPLIST_KEY_UIApplicationSupportsIndirectInputEvents = YES;
				INFOPLIST_KEY_UILaunchScreen_Generation = YES;
				INFOPLIST_KEY_UISupportedInterfaceOrientations_iPad = "UIInterfaceOrientationPortrait UIInterfaceOrientationPortraitUpsideDown UIInterfaceOrientationLandscapeLeft UIInterfaceOrientationLandscapeRight";
				INFOPLIST_KEY_UISupportedInterfaceOrientations_iPhone = "UIInterfaceOrientationPortrait UIInterfaceOrientationLandscapeLeft UIInterfaceOrientationLandscapeRight";
				LD_RUNPATH_SEARCH_PATHS = (
					"$(inherited)",
					"@executable_path/Frameworks",
				);
				MARKETING_VERSION = 1.0;
				PRODUCT_BUNDLE_IDENTIFIER = com.ailijevski.IBMCaseComp;
				PRODUCT_NAME = "$(TARGET_NAME)";
				SWIFT_EMIT_LOC_STRINGS = YES;
				SWIFT_VERSION = 5.0;
				TARGETED_DEVICE_FAMILY = "1,2";
			};
			name = Debug;
		};
		23CCBB8D28F9FF72004AA969 /* Release */ = {
			isa = XCBuildConfiguration;
			buildSettings = {
				ASSETCATALOG_COMPILER_APPICON_NAME = AppIcon;
				ASSETCATALOG_COMPILER_GLOBAL_ACCENT_COLOR_NAME = AccentColor;
				CODE_SIGN_STYLE = Automatic;
				CURRENT_PROJECT_VERSION = 1;
				DEAD_CODE_STRIPPING = NO;
				DEVELOPMENT_ASSET_PATHS = "\"IBMCaseComp/Preview Content\"";
				ENABLE_PREVIEWS = YES;
				GENERATE_INFOPLIST_FILE = YES;
				INFOPLIST_FILE = IBMCaseComp/Info.plist;
				INFOPLIST_KEY_UIApplicationSceneManifest_Generation = YES;
				INFOPLIST_KEY_UIApplicationSupportsIndirectInputEvents = YES;
				INFOPLIST_KEY_UILaunchScreen_Generation = YES;
				INFOPLIST_KEY_UISupportedInterfaceOrientations_iPad = "UIInterfaceOrientationPortrait UIInterfaceOrientationPortraitUpsideDown UIInterfaceOrientationLandscapeLeft UIInterfaceOrientationLandscapeRight";
				INFOPLIST_KEY_UISupportedInterfaceOrientations_iPhone = "UIInterfaceOrientationPortrait UIInterfaceOrientationLandscapeLeft UIInterfaceOrientationLandscapeRight";
				LD_RUNPATH_SEARCH_PATHS = (
					"$(inherited)",
					"@executable_path/Frameworks",
				);
				MARKETING_VERSION = 1.0;
				PRODUCT_BUNDLE_IDENTIFIER = com.ailijevski.IBMCaseComp;
				PRODUCT_NAME = "$(TARGET_NAME)";
				SWIFT_EMIT_LOC_STRINGS = YES;
				SWIFT_VERSION = 5.0;
				TARGETED_DEVICE_FAMILY = "1,2";
			};
			name = Release;
		};
		23CCBB8F28F9FF72004AA969 /* Debug */ = {
			isa = XCBuildConfiguration;
			buildSettings = {
				ALWAYS_EMBED_SWIFT_STANDARD_LIBRARIES = YES;
				BUNDLE_LOADER = "$(TEST_HOST)";
				CODE_SIGN_STYLE = Automatic;
				CURRENT_PROJECT_VERSION = 1;
				GENERATE_INFOPLIST_FILE = YES;
				IPHONEOS_DEPLOYMENT_TARGET = 16.0;
				MARKETING_VERSION = 1.0;
				PRODUCT_BUNDLE_IDENTIFIER = com.ailijevski.IBMCaseCompTests;
				PRODUCT_NAME = "$(TARGET_NAME)";
				SWIFT_EMIT_LOC_STRINGS = NO;
				SWIFT_VERSION = 5.0;
				TARGETED_DEVICE_FAMILY = "1,2";
				TEST_HOST = "$(BUILT_PRODUCTS_DIR)/IBMCaseComp.app/$(BUNDLE_EXECUTABLE_FOLDER_PATH)/IBMCaseComp";
			};
			name = Debug;
		};
		23CCBB9028F9FF72004AA969 /* Release */ = {
			isa = XCBuildConfiguration;
			buildSettings = {
				ALWAYS_EMBED_SWIFT_STANDARD_LIBRARIES = YES;
				BUNDLE_LOADER = "$(TEST_HOST)";
				CODE_SIGN_STYLE = Automatic;
				CURRENT_PROJECT_VERSION = 1;
				GENERATE_INFOPLIST_FILE = YES;
				IPHONEOS_DEPLOYMENT_TARGET = 16.0;
				MARKETING_VERSION = 1.0;
				PRODUCT_BUNDLE_IDENTIFIER = com.ailijevski.IBMCaseCompTests;
				PRODUCT_NAME = "$(TARGET_NAME)";
				SWIFT_EMIT_LOC_STRINGS = NO;
				SWIFT_VERSION = 5.0;
				TARGETED_DEVICE_FAMILY = "1,2";
				TEST_HOST = "$(BUILT_PRODUCTS_DIR)/IBMCaseComp.app/$(BUNDLE_EXECUTABLE_FOLDER_PATH)/IBMCaseComp";
			};
			name = Release;
		};
		23CCBB9228F9FF72004AA969 /* Debug */ = {
			isa = XCBuildConfiguration;
			buildSettings = {
				ALWAYS_EMBED_SWIFT_STANDARD_LIBRARIES = YES;
				CODE_SIGN_STYLE = Automatic;
				CURRENT_PROJECT_VERSION = 1;
				GENERATE_INFOPLIST_FILE = YES;
				MARKETING_VERSION = 1.0;
				PRODUCT_BUNDLE_IDENTIFIER = com.ailijevski.IBMCaseCompUITests;
				PRODUCT_NAME = "$(TARGET_NAME)";
				SWIFT_EMIT_LOC_STRINGS = NO;
				SWIFT_VERSION = 5.0;
				TARGETED_DEVICE_FAMILY = "1,2";
				TEST_TARGET_NAME = IBMCaseComp;
			};
			name = Debug;
		};
		23CCBB9328F9FF72004AA969 /* Release */ = {
			isa = XCBuildConfiguration;
			buildSettings = {
				ALWAYS_EMBED_SWIFT_STANDARD_LIBRARIES = YES;
				CODE_SIGN_STYLE = Automatic;
				CURRENT_PROJECT_VERSION = 1;
				GENERATE_INFOPLIST_FILE = YES;
				MARKETING_VERSION = 1.0;
				PRODUCT_BUNDLE_IDENTIFIER = com.ailijevski.IBMCaseCompUITests;
				PRODUCT_NAME = "$(TARGET_NAME)";
				SWIFT_EMIT_LOC_STRINGS = NO;
				SWIFT_VERSION = 5.0;
				TARGETED_DEVICE_FAMILY = "1,2";
				TEST_TARGET_NAME = IBMCaseComp;
			};
			name = Release;
		};
/* End XCBuildConfiguration section */

/* Begin XCConfigurationList section */
		23CCBB6228F9FF6E004AA969 /* Build configuration list for PBXProject "IBMCaseComp" */ = {
			isa = XCConfigurationList;
			buildConfigurations = (
				23CCBB8928F9FF72004AA969 /* Debug */,
				23CCBB8A28F9FF72004AA969 /* Release */,
			);
			defaultConfigurationIsVisible = 0;
			defaultConfigurationName = Release;
		};
		23CCBB8B28F9FF72004AA969 /* Build configuration list for PBXNativeTarget "IBMCaseComp" */ = {
			isa = XCConfigurationList;
			buildConfigurations = (
				23CCBB8C28F9FF72004AA969 /* Debug */,
				23CCBB8D28F9FF72004AA969 /* Release */,
			);
			defaultConfigurationIsVisible = 0;
			defaultConfigurationName = Release;
		};
		23CCBB8E28F9FF72004AA969 /* Build configuration list for PBXNativeTarget "IBMCaseCompTests" */ = {
			isa = XCConfigurationList;
			buildConfigurations = (
				23CCBB8F28F9FF72004AA969 /* Debug */,
				23CCBB9028F9FF72004AA969 /* Release */,
			);
			defaultConfigurationIsVisible = 0;
			defaultConfigurationName = Release;
		};
		23CCBB9128F9FF72004AA969 /* Build configuration list for PBXNativeTarget "IBMCaseCompUITests" */ = {
			isa = XCConfigurationList;
			buildConfigurations = (
				23CCBB9228F9FF72004AA969 /* Debug */,
				23CCBB9328F9FF72004AA969 /* Release */,
			);
			defaultConfigurationIsVisible = 0;
			defaultConfigurationName = Release;
		};
/* End XCConfigurationList section */

/* Begin XCRemoteSwiftPackageReference section */
		23CCBB9428FC3DB9004AA969 /* XCRemoteSwiftPackageReference "lottie-ios" */ = {
			isa = XCRemoteSwiftPackageReference;
			repositoryURL = "https://github.com/airbnb/lottie-ios.git";
			requirement = {
				kind = upToNextMajorVersion;
				minimumVersion = 3.0.0;
			};
		};
/* End XCRemoteSwiftPackageReference section */

/* Begin XCSwiftPackageProductDependency section */
		23CCBB9528FC3DB9004AA969 /* Lottie */ = {
			isa = XCSwiftPackageProductDependency;
			package = 23CCBB9428FC3DB9004AA969 /* XCRemoteSwiftPackageReference "lottie-ios" */;
			productName = Lottie;
		};
/* End XCSwiftPackageProductDependency section */
	};
	rootObject = 23CCBB5F28F9FF6E004AA969 /* Project object */;
}
